
Microsoft Visual Studio Solution File, Format Version 12.00
Project("{FAE04EC0-301F-11D3-BF4B-00C04F79EFBC}") = "Week5Assignment", "Week5Assignment\Week5Assignment.csproj", "{C3D709B1-A43E-4498-834D-E56750BB3537}"
EndProject
Global
	GlobalSection(SolutionConfigurationPlatforms) = preSolution
		Debug|Any CPU = Debug|Any CPU
		Release|Any CPU = Release|Any CPU
	EndGlobalSection
	GlobalSection(ProjectConfigurationPlatforms) = postSolution
		{C3D709B1-A43E-4498-834D-E56750BB3537}.Debug|Any CPU.ActiveCfg = Debug|Any CPU
		{C3D709B1-A43E-4498-834D-E56750BB3537}.Debug|Any CPU.Build.0 = Debug|Any CPU
		{C3D709B1-A43E-4498-834D-E56750BB3537}.Release|Any CPU.ActiveCfg = Release|Any CPU
		{C3D709B1-A43E-4498-834D-E56750BB3537}.Release|Any CPU.Build.0 = Release|Any CPU
	EndGlobalSection
EndGlobal
